{
    "name": "cassandra-driver-public-typescript-tests",
    "version": "1.0.0",
    "lockfileVersion": 3,
    "requires": true,
    "packages": {
        "": {
            "name": "cassandra-driver-public-typescript-tests",
            "version": "1.0.0",
            "dependencies": {
                "cassandra-driver": "file:../../.."
            },
            "devDependencies": {
                "typescript": "^4.9.5"
            }
        },
        "../..": {
            "extraneous": true
        },
        "../../..": {
            "version": "4.8.0",
            "license": "Apache-2.0",
            "dependencies": {
                "@types/node": "^18.11.18",
                "adm-zip": "~0.5.10",
                "long": "~5.2.3"
            },
            "devDependencies": {
                "@microsoft/api-extractor": "^7.52.5",
                "@rollup/plugin-typescript": "^12.1.2",
                "@stylistic/eslint-plugin": "^3.1.0",
                "@types/chai": "^5.2.1",
                "@types/mocha": "^10.0.10",
                "@types/sinon": "^17.0.4",
                "@typescript-eslint/eslint-plugin": "^8.26.1",
                "@typescript-eslint/parser": "^8.26.1",
                "chai": "~4.3.8",
                "eslint": "^8.57.1",
                "kerberos": "~2.0.3",
                "mocha": "~10.2.0",
                "mocha-appveyor-reporter": "^0.4.2",
                "mocha-jenkins-reporter": "^0.4.8",
                "rollup": "^4.37.0",
                "rollup-plugin-dts": "^6.2.1",
                "sinon": "~15.2.0",
                "temp": ">= 0.8.3",
                "ts-mocha": "^11.1.0",
                "tslib": "^2.8.1",
                "typescript": "^5.8.2"
            },
            "engines": {
                "node": ">=18"
            }
        },
        "node_modules/cassandra-driver": {
            "resolved": "../../..",
            "link": true
        },
        "node_modules/typescript": {
            "version": "4.9.5",
            "resolved": "https://registry.npmjs.org/typescript/-/typescript-4.9.5.tgz",
            "integrity": "sha512-1FXk9E2Hm+QzZQ7z+McJiHL4NW1F2EzMu9Nq9i3zAaGqibafqYwCVU6WyWAuyQRRzOlxou8xZSyXLEN8oKj24g==",
            "dev": true,
            "bin": {
                "tsc": "bin/tsc",
                "tsserver": "bin/tsserver"
            },
            "engines": {
                "node": ">=4.2.0"
            }
        }
    }
}
